
Microsoft Visual Studio Solution File, Format Version 12.00
# Visual Studio Version 16
VisualStudioVersion = 16.0.31025.194
MinimumVisualStudioVersion = 10.0.40219.1
Project("{FAE04EC0-301F-11D3-BF4B-00C04F79EFBC}") = "RPAStudio", "RPAStudio\RPAStudio.csproj", "{C2444DFB-EEED-41A0-894A-9617D425112D}"
EndProject
Project("{FAE04EC0-301F-11D3-BF4B-00C04F79EFBC}") = "RPAStudio.ViewModels", "RPAStudio.ViewModels\RPAStudio.ViewModels.csproj", "{AD220EC3-1784-44FD-93FC-5FA96E5DB786}"
EndProject
Project("{FAE04EC0-301F-11D3-BF4B-00C04F79EFBC}") = "RPABase", "RPABase\RPABase.csproj", "{4816DA5C-05E1-4F15-AFAA-C6E52E2BD5DD}"
EndProject
Project("{FAE04EC0-301F-11D3-BF4B-00C04F79EFBC}") = "RPAStudio.PredefinedWorkflows", "RPAStudio.PredefinedWorkflows\RPAStudio.PredefinedWorkflows.csproj", "{EFAD59F9-A92B-4D9A-AFDB-186BD6E33F4B}"
EndProject
Global
	GlobalSection(SolutionConfigurationPlatforms) = preSolution
		Debug|Any CPU = Debug|Any CPU
		Debug|x64 = Debug|x64
		Debug|x86 = Debug|x86
		Release|Any CPU = Release|Any CPU
		Release|x64 = Release|x64
		Release|x86 = Release|x86
	EndGlobalSection
	GlobalSection(ProjectConfigurationPlatforms) = postSolution
		{C2444DFB-EEED-41A0-894A-9617D425112D}.Debug|Any CPU.ActiveCfg = Debug|Any CPU
		{C2444DFB-EEED-41A0-894A-9617D425112D}.Debug|Any CPU.Build.0 = Debug|Any CPU
		{C2444DFB-EEED-41A0-894A-9617D425112D}.Debug|x64.ActiveCfg = Debug|Any CPU
		{C2444DFB-EEED-41A0-894A-9617D425112D}.Debug|x64.Build.0 = Debug|Any CPU
		{C2444DFB-EEED-41A0-894A-9617D425112D}.Debug|x86.ActiveCfg = Debug|Any CPU
		{C2444DFB-EEED-41A0-894A-9617D425112D}.Debug|x86.Build.0 = Debug|Any CPU
		{C2444DFB-EEED-41A0-894A-9617D425112D}.Release|Any CPU.ActiveCfg = Release|Any CPU
		{C2444DFB-EEED-41A0-894A-9617D425112D}.Release|Any CPU.Build.0 = Release|Any CPU
		{C2444DFB-EEED-41A0-894A-9617D425112D}.Release|x64.ActiveCfg = Release|Any CPU
		{C2444DFB-EEED-41A0-894A-9617D425112D}.Release|x64.Build.0 = Release|Any CPU
		{C2444DFB-EEED-41A0-894A-9617D425112D}.Release|x86.ActiveCfg = Release|Any CPU
		{C2444DFB-EEED-41A0-894A-9617D425112D}.Release|x86.Build.0 = Release|Any CPU
		{AD220EC3-1784-44FD-93FC-5FA96E5DB786}.Debug|Any CPU.ActiveCfg = Debug|Any CPU
		{AD220EC3-1784-44FD-93FC-5FA96E5DB786}.Debug|Any CPU.Build.0 = Debug|Any CPU
		{AD220EC3-1784-44FD-93FC-5FA96E5DB786}.Debug|x64.ActiveCfg = Debug|Any CPU
		{AD220EC3-1784-44FD-93FC-5FA96E5DB786}.Debug|x64.Build.0 = Debug|Any CPU
		{AD220EC3-1784-44FD-93FC-5FA96E5DB786}.Debug|x86.ActiveCfg = Debug|Any CPU
		{AD220EC3-1784-44FD-93FC-5FA96E5DB786}.Debug|x86.Build.0 = Debug|Any CPU
		{AD220EC3-1784-44FD-93FC-5FA96E5DB786}.Release|Any CPU.ActiveCfg = Release|Any CPU
		{AD220EC3-1784-44FD-93FC-5FA96E5DB786}.Release|Any CPU.Build.0 = Release|Any CPU
		{AD220EC3-1784-44FD-93FC-5FA96E5DB786}.Release|x64.ActiveCfg = Release|Any CPU
		{AD220EC3-1784-44FD-93FC-5FA96E5DB786}.Release|x64.Build.0 = Release|Any CPU
		{AD220EC3-1784-44FD-93FC-5FA96E5DB786}.Release|x86.ActiveCfg = Release|Any CPU
		{AD220EC3-1784-44FD-93FC-5FA96E5DB786}.Release|x86.Build.0 = Release|Any CPU
		{4816DA5C-05E1-4F15-AFAA-C6E52E2BD5DD}.Debug|Any CPU.ActiveCfg = Debug|Any CPU
		{4816DA5C-05E1-4F15-AFAA-C6E52E2BD5DD}.Debug|Any CPU.Build.0 = Debug|Any CPU
		{4816DA5C-05E1-4F15-AFAA-C6E52E2BD5DD}.Debug|x64.ActiveCfg = Debug|Any CPU
		{4816DA5C-05E1-4F15-AFAA-C6E52E2BD5DD}.Debug|x64.Build.0 = Debug|Any CPU
		{4816DA5C-05E1-4F15-AFAA-C6E52E2BD5DD}.Debug|x86.ActiveCfg = Debug|Any CPU
		{4816DA5C-05E1-4F15-AFAA-C6E52E2BD5DD}.Debug|x86.Build.0 = Debug|Any CPU
		{4816DA5C-05E1-4F15-AFAA-C6E52E2BD5DD}.Release|Any CPU.ActiveCfg = Release|Any CPU
		{4816DA5C-05E1-4F15-AFAA-C6E52E2BD5DD}.Release|Any CPU.Build.0 = Release|Any CPU
		{4816DA5C-05E1-4F15-AFAA-C6E52E2BD5DD}.Release|x64.ActiveCfg = Release|Any CPU
		{4816DA5C-05E1-4F15-AFAA-C6E52E2BD5DD}.Release|x64.Build.0 = Release|Any CPU
		{4816DA5C-05E1-4F15-AFAA-C6E52E2BD5DD}.Release|x86.ActiveCfg = Release|Any CPU
		{4816DA5C-05E1-4F15-AFAA-C6E52E2BD5DD}.Release|x86.Build.0 = Release|Any CPU
		{EFAD59F9-A92B-4D9A-AFDB-186BD6E33F4B}.Debug|Any CPU.ActiveCfg = Debug|Any CPU
		{EFAD59F9-A92B-4D9A-AFDB-186BD6E33F4B}.Debug|Any CPU.Build.0 = Debug|Any CPU
		{EFAD59F9-A92B-4D9A-AFDB-186BD6E33F4B}.Debug|x64.ActiveCfg = Debug|Any CPU
		{EFAD59F9-A92B-4D9A-AFDB-186BD6E33F4B}.Debug|x64.Build.0 = Debug|Any CPU
		{EFAD59F9-A92B-4D9A-AFDB-186BD6E33F4B}.Debug|x86.ActiveCfg = Debug|Any CPU
		{EFAD59F9-A92B-4D9A-AFDB-186BD6E33F4B}.Debug|x86.Build.0 = Debug|Any CPU
		{EFAD59F9-A92B-4D9A-AFDB-186BD6E33F4B}.Release|Any CPU.ActiveCfg = Release|Any CPU
		{EFAD59F9-A92B-4D9A-AFDB-186BD6E33F4B}.Release|Any CPU.Build.0 = Release|Any CPU
		{EFAD59F9-A92B-4D9A-AFDB-186BD6E33F4B}.Release|x64.ActiveCfg = Release|Any CPU
		{EFAD59F9-A92B-4D9A-AFDB-186BD6E33F4B}.Release|x64.Build.0 = Release|Any CPU
		{EFAD59F9-A92B-4D9A-AFDB-186BD6E33F4B}.Release|x86.ActiveCfg = Release|Any CPU
		{EFAD59F9-A92B-4D9A-AFDB-186BD6E33F4B}.Release|x86.Build.0 = Release|Any CPU
	EndGlobalSection
	GlobalSection(SolutionProperties) = preSolution
		HideSolutionNode = FALSE
	EndGlobalSection
	GlobalSection(ExtensibilityGlobals) = postSolution
		SolutionGuid = {62EB70E7-B32A-496A-9ED6-F3D37BBC38B1}
	EndGlobalSection
EndGlobal
